
Microsoft Visual Studio Solution File, Format Version 12.00
# Visual Studio Version 16
VisualStudioVersion = 16.0.30204.135
MinimumVisualStudioVersion = 10.0.40219.1
Project("{FAE04EC0-301F-11D3-BF4B-00C04F79EFBC}") = "WindowsFormsApp4", "WindowsFormsApp4\WindowsFormsApp4.csproj", "{93A62505-1CDE-41C1-9110-4DF18744234F}"
EndProject
Global
	GlobalSection(SolutionConfigurationPlatforms) = preSolution
		Debug|Any CPU = Debug|Any CPU
		Release|Any CPU = Release|Any CPU
	EndGlobalSection
	GlobalSection(ProjectConfigurationPlatforms) = postSolution
		{93A62505-1CDE-41C1-9110-4DF18744234F}.Debug|Any CPU.ActiveCfg = Debug|Any CPU
		{93A62505-1CDE-41C1-9110-4DF18744234F}.Debug|Any CPU.Build.0 = Debug|Any CPU
		{93A62505-1CDE-41C1-9110-4DF18744234F}.Release|Any CPU.ActiveCfg = Release|Any CPU
		{93A62505-1CDE-41C1-9110-4DF18744234F}.Release|Any CPU.Build.0 = Release|Any CPU
	EndGlobalSection
	GlobalSection(SolutionProperties) = preSolution
		HideSolutionNode = FALSE
	EndGlobalSection
	GlobalSection(ExtensibilityGlobals) = postSolution
		SolutionGuid = {64818446-489C-4677-9CB2-A4AC4E0A0646}
	EndGlobalSection
EndGlobal
